
Microsoft Visual Studio Solution File, Format Version 12.00
# Visual Studio 15
VisualStudioVersion = 15.0.26730.16
MinimumVisualStudioVersion = 10.0.40219.1
Project("{FAE04EC0-301F-11D3-BF4B-00C04F79EFBC}") = "SimpleService.Entities", "SimpleService.Entities\SimpleService.Entities.csproj", "{647B72C3-769F-4AAB-8A41-BA7D86048CE8}"
EndProject
Project("{FAE04EC0-301F-11D3-BF4B-00C04F79EFBC}") = "SimpleService.Bll.Interfaces", "SimpleService.Bll.Interfaces\SimpleService.Bll.Interfaces.csproj", "{F917AE37-DA0D-45E0-BA0A-CDEB481C87C5}"
EndProject
Project("{FAE04EC0-301F-11D3-BF4B-00C04F79EFBC}") = "SimpleService.WebApi", "SimpleService.WebApi\SimpleService.WebApi.csproj", "{6112C341-E1F9-4181-B077-DD5F966C0CC0}"
EndProject
Project("{FAE04EC0-301F-11D3-BF4B-00C04F79EFBC}") = "SimpleService.Ninject", "SimpleService.Ninject\SimpleService.Ninject.csproj", "{36C2DBF9-7FA4-452E-9567-FA23FB549365}"
EndProject
Project("{FAE04EC0-301F-11D3-BF4B-00C04F79EFBC}") = "SimpleService.Bll", "SimpleService.Bll\SimpleService.Bll.csproj", "{DCA418C7-178E-4EAD-B9F8-F2908CF1ECE6}"
EndProject
Project("{FAE04EC0-301F-11D3-BF4B-00C04F79EFBC}") = "SimpleService.Dao.Interfaces", "SimpleService.Dao.Interfaces\SimpleService.Dao.Interfaces.csproj", "{EAC5A9AB-FF3C-4A01-854D-4F5CB48A600C}"
EndProject
Project("{FAE04EC0-301F-11D3-BF4B-00C04F79EFBC}") = "SimpleService.Dao", "SimpleService.Dao\SimpleService.Dao.csproj", "{494AD9D8-96F2-441A-8217-E8AFE24D52B6}"
EndProject
Project("{FAE04EC0-301F-11D3-BF4B-00C04F79EFBC}") = "SimpleService.Tests.IntegrationTests", "SimpleService.Tests.IntegrationTests\SimpleService.Tests.IntegrationTests.csproj", "{66B4B112-36A0-400F-970E-4F5358D4886A}"
EndProject
Global
	GlobalSection(SolutionConfigurationPlatforms) = preSolution
		Debug|Any CPU = Debug|Any CPU
		Release|Any CPU = Release|Any CPU
	EndGlobalSection
	GlobalSection(ProjectConfigurationPlatforms) = postSolution
		{647B72C3-769F-4AAB-8A41-BA7D86048CE8}.Debug|Any CPU.ActiveCfg = Debug|Any CPU
		{647B72C3-769F-4AAB-8A41-BA7D86048CE8}.Debug|Any CPU.Build.0 = Debug|Any CPU
		{647B72C3-769F-4AAB-8A41-BA7D86048CE8}.Release|Any CPU.ActiveCfg = Release|Any CPU
		{647B72C3-769F-4AAB-8A41-BA7D86048CE8}.Release|Any CPU.Build.0 = Release|Any CPU
		{F917AE37-DA0D-45E0-BA0A-CDEB481C87C5}.Debug|Any CPU.ActiveCfg = Debug|Any CPU
		{F917AE37-DA0D-45E0-BA0A-CDEB481C87C5}.Debug|Any CPU.Build.0 = Debug|Any CPU
		{F917AE37-DA0D-45E0-BA0A-CDEB481C87C5}.Release|Any CPU.ActiveCfg = Release|Any CPU
		{F917AE37-DA0D-45E0-BA0A-CDEB481C87C5}.Release|Any CPU.Build.0 = Release|Any CPU
		{6112C341-E1F9-4181-B077-DD5F966C0CC0}.Debug|Any CPU.ActiveCfg = Debug|Any CPU
		{6112C341-E1F9-4181-B077-DD5F966C0CC0}.Debug|Any CPU.Build.0 = Debug|Any CPU
		{6112C341-E1F9-4181-B077-DD5F966C0CC0}.Release|Any CPU.ActiveCfg = Release|Any CPU
		{6112C341-E1F9-4181-B077-DD5F966C0CC0}.Release|Any CPU.Build.0 = Release|Any CPU
		{36C2DBF9-7FA4-452E-9567-FA23FB549365}.Debug|Any CPU.ActiveCfg = Debug|Any CPU
		{36C2DBF9-7FA4-452E-9567-FA23FB549365}.Debug|Any CPU.Build.0 = Debug|Any CPU
		{36C2DBF9-7FA4-452E-9567-FA23FB549365}.Release|Any CPU.ActiveCfg = Release|Any CPU
		{36C2DBF9-7FA4-452E-9567-FA23FB549365}.Release|Any CPU.Build.0 = Release|Any CPU
		{DCA418C7-178E-4EAD-B9F8-F2908CF1ECE6}.Debug|Any CPU.ActiveCfg = Debug|Any CPU
		{DCA418C7-178E-4EAD-B9F8-F2908CF1ECE6}.Debug|Any CPU.Build.0 = Debug|Any CPU
		{DCA418C7-178E-4EAD-B9F8-F2908CF1ECE6}.Release|Any CPU.ActiveCfg = Release|Any CPU
		{DCA418C7-178E-4EAD-B9F8-F2908CF1ECE6}.Release|Any CPU.Build.0 = Release|Any CPU
		{EAC5A9AB-FF3C-4A01-854D-4F5CB48A600C}.Debug|Any CPU.ActiveCfg = Debug|Any CPU
		{EAC5A9AB-FF3C-4A01-854D-4F5CB48A600C}.Debug|Any CPU.Build.0 = Debug|Any CPU
		{EAC5A9AB-FF3C-4A01-854D-4F5CB48A600C}.Release|Any CPU.ActiveCfg = Release|Any CPU
		{EAC5A9AB-FF3C-4A01-854D-4F5CB48A600C}.Release|Any CPU.Build.0 = Release|Any CPU
		{494AD9D8-96F2-441A-8217-E8AFE24D52B6}.Debug|Any CPU.ActiveCfg = Debug|Any CPU
		{494AD9D8-96F2-441A-8217-E8AFE24D52B6}.Debug|Any CPU.Build.0 = Debug|Any CPU
		{494AD9D8-96F2-441A-8217-E8AFE24D52B6}.Release|Any CPU.ActiveCfg = Release|Any CPU
		{494AD9D8-96F2-441A-8217-E8AFE24D52B6}.Release|Any CPU.Build.0 = Release|Any CPU
		{66B4B112-36A0-400F-970E-4F5358D4886A}.Debug|Any CPU.ActiveCfg = Debug|Any CPU
		{66B4B112-36A0-400F-970E-4F5358D4886A}.Debug|Any CPU.Build.0 = Debug|Any CPU
		{66B4B112-36A0-400F-970E-4F5358D4886A}.Release|Any CPU.ActiveCfg = Release|Any CPU
		{66B4B112-36A0-400F-970E-4F5358D4886A}.Release|Any CPU.Build.0 = Release|Any CPU
	EndGlobalSection
	GlobalSection(SolutionProperties) = preSolution
		HideSolutionNode = FALSE
	EndGlobalSection
	GlobalSection(ExtensibilityGlobals) = postSolution
		SolutionGuid = {54B20383-052C-4546-AABF-AEEDB84A39F8}
	EndGlobalSection
EndGlobal
